
Microsoft Visual Studio Solution File, Format Version 12.00
# Visual Studio Version 16
VisualStudioVersion = 16.0.31205.134
MinimumVisualStudioVersion = 10.0.40219.1
Project("{9A19103F-16F7-4668-BE54-9A1E7A4F7556}") = "WebAPI_nUnitPOC", "WebAPI_nUnitPOC\WebAPI_nUnitPOC.csproj", "{5B048800-1122-40FC-A43F-1B410CB08620}"
EndProject
Project("{FAE04EC0-301F-11D3-BF4B-00C04F79EFBC}") = "nUnitWebAPITest", "nUnitWebAPITest\nUnitWebAPITest.csproj", "{993AAEAA-D26E-409D-8C36-23D9525C8FE5}"
EndProject
Global
	GlobalSection(SolutionConfigurationPlatforms) = preSolution
		Debug|Any CPU = Debug|Any CPU
		Release|Any CPU = Release|Any CPU
	EndGlobalSection
	GlobalSection(ProjectConfigurationPlatforms) = postSolution
		{5B048800-1122-40FC-A43F-1B410CB08620}.Debug|Any CPU.ActiveCfg = Debug|Any CPU
		{5B048800-1122-40FC-A43F-1B410CB08620}.Debug|Any CPU.Build.0 = Debug|Any CPU
		{5B048800-1122-40FC-A43F-1B410CB08620}.Release|Any CPU.ActiveCfg = Release|Any CPU
		{5B048800-1122-40FC-A43F-1B410CB08620}.Release|Any CPU.Build.0 = Release|Any CPU
		{993AAEAA-D26E-409D-8C36-23D9525C8FE5}.Debug|Any CPU.ActiveCfg = Debug|Any CPU
		{993AAEAA-D26E-409D-8C36-23D9525C8FE5}.Debug|Any CPU.Build.0 = Debug|Any CPU
		{993AAEAA-D26E-409D-8C36-23D9525C8FE5}.Release|Any CPU.ActiveCfg = Release|Any CPU
		{993AAEAA-D26E-409D-8C36-23D9525C8FE5}.Release|Any CPU.Build.0 = Release|Any CPU
	EndGlobalSection
	GlobalSection(SolutionProperties) = preSolution
		HideSolutionNode = FALSE
	EndGlobalSection
	GlobalSection(ExtensibilityGlobals) = postSolution
		SolutionGuid = {4BCFDB89-B769-47A2-9B25-3C3E664C9A50}
	EndGlobalSection
EndGlobal
